
Microsoft Visual Studio Solution File, Format Version 12.00
# Visual Studio 15
VisualStudioVersion = 15.0.27703.2042
MinimumVisualStudioVersion = 10.0.40219.1
Project("{FAE04EC0-301F-11D3-BF4B-00C04F79EFBC}") = "CG 2-3", "CG 2-3\CG 2-3.csproj", "{E813E793-049B-4D98-A878-18BAA4232539}"
EndProject
Global
	GlobalSection(SolutionConfigurationPlatforms) = preSolution
		Debug|Any CPU = Debug|Any CPU
		Release|Any CPU = Release|Any CPU
	EndGlobalSection
	GlobalSection(ProjectConfigurationPlatforms) = postSolution
		{E813E793-049B-4D98-A878-18BAA4232539}.Debug|Any CPU.ActiveCfg = Debug|Any CPU
		{E813E793-049B-4D98-A878-18BAA4232539}.Debug|Any CPU.Build.0 = Debug|Any CPU
		{E813E793-049B-4D98-A878-18BAA4232539}.Release|Any CPU.ActiveCfg = Release|Any CPU
		{E813E793-049B-4D98-A878-18BAA4232539}.Release|Any CPU.Build.0 = Release|Any CPU
	EndGlobalSection
	GlobalSection(SolutionProperties) = preSolution
		HideSolutionNode = FALSE
	EndGlobalSection
	GlobalSection(ExtensibilityGlobals) = postSolution
		SolutionGuid = {8BD40245-75EE-47DC-8618-F39E959CE870}
	EndGlobalSection
EndGlobal
